
Microsoft Visual Studio Solution File, Format Version 12.00
# Visual Studio Version 17
VisualStudioVersion = 17.3.32811.315
MinimumVisualStudioVersion = 10.0.40219.1
Project("{9A19103F-16F7-4668-BE54-9A1E7A4F7556}") = "RatingInStars", "RatingInStars\RatingInStars.csproj", "{08F50132-F469-448D-9C33-1992E4A7E475}"
EndProject
Global
	GlobalSection(SolutionConfigurationPlatforms) = preSolution
		Debug|Any CPU = Debug|Any CPU
		Release|Any CPU = Release|Any CPU
	EndGlobalSection
	GlobalSection(ProjectConfigurationPlatforms) = postSolution
		{08F50132-F469-448D-9C33-1992E4A7E475}.Debug|Any CPU.ActiveCfg = Debug|Any CPU
		{08F50132-F469-448D-9C33-1992E4A7E475}.Debug|Any CPU.Build.0 = Debug|Any CPU
		{08F50132-F469-448D-9C33-1992E4A7E475}.Release|Any CPU.ActiveCfg = Release|Any CPU
		{08F50132-F469-448D-9C33-1992E4A7E475}.Release|Any CPU.Build.0 = Release|Any CPU
	EndGlobalSection
	GlobalSection(SolutionProperties) = preSolution
		HideSolutionNode = FALSE
	EndGlobalSection
	GlobalSection(ExtensibilityGlobals) = postSolution
		SolutionGuid = {099F0CC9-B382-4A87-98B4-C97FB5EB8E95}
	EndGlobalSection
EndGlobal
